Microsoft Visual Studio Solution File, Format Version 12.00
# Visual Studio 15
VisualStudioVersion = 15.0.27130.2036
MinimumVisualStudioVersion = 10.0.40219.1
Project("{647127c2-448d-4ce0-a52b-0e89e88ee673}") = "RubberTire", "RubberTire\RubberTire.csproj", "{374a1ffe-bbff-41cc-9f21-fca8b169614d}"
EndProject
Global
	GlobalSection(SolutionConfigurationPlatforms) = preSolution
		Debug|Any CPU = Debug|Any CPU
		Release|Any CPU = Release|Any CPU
	EndGlobalSection
	GlobalSection(ProjectConfigurationPlatforms) = postSolution
		{374a1ffe-bbff-41cc-9f21-fca8b169614d}.Debug|Any CPU.ActiveCfg = Debug|Any CPU
		{374a1ffe-bbff-41cc-9f21-fca8b169614d}.Debug|Any CPU.Build.0 = Debug|Any CPU
		{374a1ffe-bbff-41cc-9f21-fca8b169614d}.Release|Any CPU.ActiveCfg = Release|Any CPU
		{374a1ffe-bbff-41cc-9f21-fca8b169614d}.Release|Any CPU.Build.0 = Release|Any CPU
	EndGlobalSection
	GlobalSection(SolutionProperties) = preSolution
		HideSolutionNode = FALSE
	EndGlobalSection
	GlobalSection(ExtensibilityGlobals) = postSolution
		SolutionGuid = {a1dfc394-2d55-47c2-8cdc-ad0e50e39faf}
	EndGlobalSection
EndGlobal
